version = 1
revision = 1
requires-python = ">=3.13"

[[package]]
name = "blake3"
version = "1.0.5"
source = { registry = "https://repo.huaweicloud.com/repository/pypi/simple" }
sdist = { url = "https://repo.huaweicloud.com/repository/pypi/packages/e7/08/22b6326dbe002ca77c92082b37b14a935003897b0e3eed025da92c700751/blake3-1.0.5.tar.gz", hash = "sha256:7bac73f393a67ea6d5ac32e4a45d39c184487c89c712ab3ed839c1a51ed82259" }
wheels = [
    { url = "https://repo.huaweicloud.com/repository/pypi/packages/e0/88/6d3a1523f748a10841894706cc34f8293c942aa6e3bcb9f7ce26daccffe6/blake3-1.0.5-cp313-cp313-macosx_10_12_x86_64.whl", hash = "sha256:53d3469f99d868c065a202e1e6ba52beb715123706bb2019d0fc00f703bb95ef" },
    { url = "https://repo.huaweicloud.com/repository/pypi/packages/ff/20/b579b052ae5c37f007015d282f7ff3bd9052e1d713274498807c9d81fee4/blake3-1.0.5-cp313-cp313-macosx_11_0_arm64.whl", hash = "sha256:ee4517f925717bab87061f5c3fde7c669609da50c9ec4ea86c9239302b31b198" },
    { url = "https://repo.huaweicloud.com/repository/pypi/packages/70/fd/d387e5a1dd987bff808b67feca806005d4187f2766a60a2aa5649367b629/blake3-1.0.5-cp313-cp313-manylinux_2_17_aarch64.manylinux2014_aarch64.whl", hash = "sha256:db12ab293cd55d827829a5e96dcd348ad78aba777dbb7139883cb3bf1f724bcb" },
    { url = "https://repo.huaweicloud.com/repository/pypi/packages/a1/a9/5dc9dcc31d9b6ba127a7d27b15ff47b88e5d59821b20343306ae44a911c2/blake3-1.0.5-cp313-cp313-manylinux_2_17_armv7l.manylinux2014_armv7l.whl", hash = "sha256:5e9c26b9bc02ed039a67227cb643548f52226e48c2a68fe3a864cf3f204c5d2e" },
    { url = "https://repo.huaweicloud.com/repository/pypi/packages/39/2f/411beb9c70e25bf5a2b1a7c5bbe6da620dcd0e4f91a93eff1bd09fae9e9b/blake3-1.0.5-cp313-cp313-manylinux_2_17_i686.manylinux2014_i686.whl", hash = "sha256:24f6c9957973446bbafe0b93b50d1cd07fe31227d7a5e46a4da8d78ccf882dc1" },
    { url = "https://repo.huaweicloud.com/repository/pypi/packages/7a/2a/c16d4754805eed680e95307e46393c2d640f9ff060462c319ca5603ceddd/blake3-1.0.5-cp313-cp313-manylinux_2_17_ppc64le.manylinux2014_ppc64le.whl", hash = "sha256:71bdb08e6425da9a13135dfa9a9554438b2ba90aa97fe43f385b7e89781124f3" },
    { url = "https://repo.huaweicloud.com/repository/pypi/packages/c1/35/b09914fa19d9688bcc63ea1d0b1cb2aea29d99c82ec02e5ef07e1e395f7d/blake3-1.0.5-cp313-cp313-manylinux_2_17_s390x.manylinux2014_s390x.whl", hash = "sha256:344ae90921f68b4ce60a15ea5b5e6410eba5780e0b7f350b69768772176a10de" },
    { url = "https://repo.huaweicloud.com/repository/pypi/packages/93/a2/90cb6cf880c708f38469890fd38bd112cab9af81ee8d5d6cece2e04be595/blake3-1.0.5-cp313-cp313-manylinux_2_17_x86_64.manylinux2014_x86_64.whl", hash = "sha256:83dacc3e029672152240a93e81c9ee02fca599785cffe5e3d2c864aef582ec2e" },
    { url = "https://repo.huaweicloud.com/repository/pypi/packages/8e/11/01d43d9129a837ffb05b8c5cef4542a1680e31e1e036504066e3e2b27218/blake3-1.0.5-cp313-cp313-musllinux_1_1_aarch64.whl", hash = "sha256:6e9a1083e1dcce1155aac2288a01a1031b2bfaf17e210a70fb9aefd9454bcac9" },
    { url = "https://repo.huaweicloud.com/repository/pypi/packages/e3/47/9eb21dac9c78fefd52475d235e48c703122f58cd760f2696e6250dabd1a9/blake3-1.0.5-cp313-cp313-musllinux_1_1_x86_64.whl", hash = "sha256:b0d5c2f30f542d855dccf71a2bf59ff8c92b321c573fe4538be7aec635e4a11c" },
    { url = "https://repo.huaweicloud.com/repository/pypi/packages/82/c7/1ced9a0c895e114d0c280b882be39131931a88fb5d4fbe5eb3b10e96be4a/blake3-1.0.5-cp313-cp313-win32.whl", hash = "sha256:b3425aca2799ba992750f364de74cefed932d93e54e62b3b450ac33bf8269eeb" },
    { url = "https://repo.huaweicloud.com/repository/pypi/packages/c8/57/2d18ee7b155e1530e2ad8d8bbf9d01789c2c14013b14257814f9078e2b1d/blake3-1.0.5-cp313-cp313-win_amd64.whl", hash = "sha256:15981940f96691d08f2c4593a0153b720a57fedb32799ba96d147dc54a3f7ceb" },
    { url = "https://repo.huaweicloud.com/repository/pypi/packages/12/f8/ae5cf4e0d305ac055e034dd688fd85ed51c69e0218faeb9c92ad162d9dad/blake3-1.0.5-cp313-cp313t-macosx_10_12_x86_64.whl", hash = "sha256:402a44fd0e8c85d91342e397a23e4b36809bc2f11c859b6b33ba5798a31b46c5" },
    { url = "https://repo.huaweicloud.com/repository/pypi/packages/e7/f5/0b6032e29eee5b1d98f0855717c742c66b64e1405fb1eae466a944f347da/blake3-1.0.5-cp313-cp313t-macosx_11_0_arm64.whl", hash = "sha256:1eb5b09f7b11e3f04efdbaf0231f7d55d233703264bb654b2d84f94d2c9f86c5" },
    { url = "https://repo.huaweicloud.com/repository/pypi/packages/68/1e/6fa940402007eb6c7425efb28f03b085bd20c0a934306055ac8d5f6cecdd/blake3-1.0.5-cp313-cp313t-manylinux_2_17_aarch64.manylinux2014_aarch64.whl", hash = "sha256:36c072cbc196a17e92a039f76917356a92a0e37b5af1d8b1a5e02c5ee8cf5677" },
    { url = "https://repo.huaweicloud.com/repository/pypi/packages/93/52/af32617c297df04708b9ab18f496466c347959bc48bacc9bae185d34d830/blake3-1.0.5-cp313-cp313t-manylinux_2_17_armv7l.manylinux2014_armv7l.whl", hash = "sha256:4084a9d3a5ed301fd8b97bed502cae341c89f8fcb891b4abf793f73b71a80c1c" },
    { url = "https://repo.huaweicloud.com/repository/pypi/packages/0f/ea/c5ef763aa808c2467b2cf78b4bbf85a4836ec1f68975121353af5bea7888/blake3-1.0.5-cp313-cp313t-manylinux_2_17_i686.manylinux2014_i686.whl", hash = "sha256:7ec1c8d9da5e4184337af2d8e4403b97088aa64d6d72eeca5e980ee3e283ec75" },
    { url = "https://repo.huaweicloud.com/repository/pypi/packages/dc/fe/abeb8dd2ed5a90b75e2eac318643df66c03ad72e5c3df37c3cc36d96bed9/blake3-1.0.5-cp313-cp313t-manylinux_2_17_ppc64le.manylinux2014_ppc64le.whl", hash = "sha256:d3b56b7df6de580a71cb2c5b24a87732d6ccf225399e70370ae976ecda39c5bc" },
    { url = "https://repo.huaweicloud.com/repository/pypi/packages/56/1f/2062a84b46a5d762b0129109155afbc8154616031e647bfd9c54658b7380/blake3-1.0.5-cp313-cp313t-manylinux_2_17_s390x.manylinux2014_s390x.whl", hash = "sha256:4683e46a056b23a550a58e50b6d4ba278888aa435951729615a72e50ca36674b" },
    { url = "https://repo.huaweicloud.com/repository/pypi/packages/18/d1/6e1ba4be82f70df6014d6646aac68c67b3890778a88de13beb668a6adf45/blake3-1.0.5-cp313-cp313t-manylinux_2_17_x86_64.manylinux2014_x86_64.whl", hash = "sha256:5cb1f16cf65c799d551b62205bc361f84501c78c5bad1e136c8fd0b719a27e4b" },
    { url = "https://repo.huaweicloud.com/repository/pypi/packages/98/8c/4f5dffa401bdd7d75533597045fb2a5bb853b60736ef294b8b4362a172aa/blake3-1.0.5-cp313-cp313t-musllinux_1_1_aarch64.whl", hash = "sha256:83c8f2141caa97dda6109e91304f53c973358a70596c78947795d5dcd0dfe2b6" },
    { url = "https://repo.huaweicloud.com/repository/pypi/packages/a9/b0/f3ebf5c88e88c1787e316640808a50f4371bdfbed01b8f061ce888d01e7d/blake3-1.0.5-cp313-cp313t-musllinux_1_1_x86_64.whl", hash = "sha256:7d3941c3bb28d5287467f0ee3b1e15682d4664b6eddf156ad556475523737f95" },
    { url = "https://repo.huaweicloud.com/repository/pypi/packages/e5/95/3c0bc68accf45814072dbc73800b177200ffe833c72c3b587f2c20d15f50/blake3-1.0.5-cp313-cp313t-win32.whl", hash = "sha256:2fe3464aa94abb8bfc395f98cf6455153f28aa9278526ecf71aed7dc8bdd3a72" },
    { url = "https://repo.huaweicloud.com/repository/pypi/packages/e9/da/1e552eb583a968280abc638f1a6473054215da6831d38467465432107130/blake3-1.0.5-cp313-cp313t-win_amd64.whl", hash = "sha256:efbf948b3c88c980e42d256d92e7d7e30089665b895e7c1e1f19e202fef464f4" },
]

[[package]]
name = "brotli"
version = "1.1.0"
source = { registry = "https://repo.huaweicloud.com/repository/pypi/simple" }
sdist = { url = "https://repo.huaweicloud.com/repository/pypi/packages/2f/c2/f9e977608bdf958650638c3f1e28f85a1b075f075ebbe77db8555463787b/Brotli-1.1.0.tar.gz", hash = "sha256:81de08ac11bcb85841e440c13611c00b67d3bf82698314928d0b676362546724" }
wheels = [
    { url = "https://repo.huaweicloud.com/repository/pypi/packages/0a/9f/fb37bb8ffc52a8da37b1c03c459a8cd55df7a57bdccd8831d500e994a0ca/Brotli-1.1.0-cp313-cp313-macosx_10_13_universal2.whl", hash = "sha256:8bf32b98b75c13ec7cf774164172683d6e7891088f6316e54425fde1efc276d5" },
    { url = "https://repo.huaweicloud.com/repository/pypi/packages/06/b3/dbd332a988586fefb0aa49c779f59f47cae76855c2d00f450364bb574cac/Brotli-1.1.0-cp313-cp313-macosx_10_13_x86_64.whl", hash = "sha256:7bc37c4d6b87fb1017ea28c9508b36bbcb0c3d18b4260fcdf08b200c74a6aee8" },
    { url = "https://repo.huaweicloud.com/repository/pypi/packages/bb/80/6aaddc2f63dbcf2d93c2d204e49c11a9ec93a8c7c63261e2b4bd35198283/Brotli-1.1.0-cp313-cp313-manylinux_2_17_aarch64.manylinux2014_aarch64.whl", hash = "sha256:3c0ef38c7a7014ffac184db9e04debe495d317cc9c6fb10071f7fefd93100a4f" },
    { url = "https://repo.huaweicloud.com/repository/pypi/packages/ea/1d/e6ca79c96ff5b641df6097d299347507d39a9604bde8915e76bf026d6c77/Brotli-1.1.0-cp313-cp313-manylinux_2_17_ppc64le.manylinux2014_ppc64le.whl", hash = "sha256:91d7cc2a76b5567591d12c01f019dd7afce6ba8cba6571187e21e2fc418ae648" },
    { url = "https://repo.huaweicloud.com/repository/pypi/packages/ac/a3/d98d2472e0130b7dd3acdbb7f390d478123dbf62b7d32bda5c830a96116d/Brotli-1.1.0-cp313-cp313-manylinux_2_17_x86_64.manylinux2014_x86_64.whl", hash = "sha256:a93dde851926f4f2678e704fadeb39e16c35d8baebd5252c9fd94ce8ce68c4a0" },
    { url = "https://repo.huaweicloud.com/repository/pypi/packages/c4/a5/c69e6d272aee3e1423ed005d8915a7eaa0384c7de503da987f2d224d0721/Brotli-1.1.0-cp313-cp313-manylinux_2_5_i686.manylinux1_i686.manylinux_2_17_i686.manylinux2014_i686.whl", hash = "sha256:f0db75f47be8b8abc8d9e31bc7aad0547ca26f24a54e6fd10231d623f183d089" },
    { url = "https://repo.huaweicloud.com/repository/pypi/packages/58/9f/4149d38b52725afa39067350696c09526de0125ebfbaab5acc5af28b42ea/Brotli-1.1.0-cp313-cp313-musllinux_1_2_aarch64.whl", hash = "sha256:6967ced6730aed543b8673008b5a391c3b1076d834ca438bbd70635c73775368" },
    { url = "https://repo.huaweicloud.com/repository/pypi/packages/5a/5a/145de884285611838a16bebfdb060c231c52b8f84dfbe52b852a15780386/Brotli-1.1.0-cp313-cp313-musllinux_1_2_i686.whl", hash = "sha256:7eedaa5d036d9336c95915035fb57422054014ebdeb6f3b42eac809928e40d0c" },
    { url = "https://repo.huaweicloud.com/repository/pypi/packages/50/ae/408b6bfb8525dadebd3b3dd5b19d631da4f7d46420321db44cd99dcf2f2c/Brotli-1.1.0-cp313-cp313-musllinux_1_2_ppc64le.whl", hash = "sha256:d487f5432bf35b60ed625d7e1b448e2dc855422e87469e3f450aa5552b0eb284" },
    { url = "https://repo.huaweicloud.com/repository/pypi/packages/af/85/a94e5cfaa0ca449d8f91c3d6f78313ebf919a0dbd55a100c711c6e9655bc/Brotli-1.1.0-cp313-cp313-musllinux_1_2_x86_64.whl", hash = "sha256:832436e59afb93e1836081a20f324cb185836c617659b07b129141a8426973c7" },
    { url = "https://repo.huaweicloud.com/repository/pypi/packages/c2/f0/a61d9262cd01351df22e57ad7c34f66794709acab13f34be2675f45bf89d/Brotli-1.1.0-cp313-cp313-win32.whl", hash = "sha256:43395e90523f9c23a3d5bdf004733246fba087f2948f87ab28015f12359ca6a0" },
    { url = "https://repo.huaweicloud.com/repository/pypi/packages/7e/c1/ec214e9c94000d1c1974ec67ced1c970c148aa6b8d8373066123fc3dbf06/Brotli-1.1.0-cp313-cp313-win_amd64.whl", hash = "sha256:9011560a466d2eb3f5a6e4929cf4a09be405c64154e12df0dd72713f6500e32b" },
]

[[package]]
name = "cffi"
version = "1.17.1"
source = { registry = "https://repo.huaweicloud.com/repository/pypi/simple" }
dependencies = [
    { name = "pycparser" },
]
sdist = { url = "https://repo.huaweicloud.com/repository/pypi/packages/fc/97/c783634659c2920c3fc70419e3af40972dbaf758daa229a7d6ea6135c90d/cffi-1.17.1.tar.gz", hash = "sha256:1c39c6016c32bc48dd54561950ebd6836e1670f2ae46128f67cf49e789c52824" }
wheels = [
    { url = "https://repo.huaweicloud.com/repository/pypi/packages/8d/f8/dd6c246b148639254dad4d6803eb6a54e8c85c6e11ec9df2cffa87571dbe/cffi-1.17.1-cp313-cp313-macosx_10_13_x86_64.whl", hash = "sha256:f3a2b4222ce6b60e2e8b337bb9596923045681d71e5a082783484d845390938e" },
    { url = "https://repo.huaweicloud.com/repository/pypi/packages/8b/f1/672d303ddf17c24fc83afd712316fda78dc6fce1cd53011b839483e1ecc8/cffi-1.17.1-cp313-cp313-macosx_11_0_arm64.whl", hash = "sha256:0984a4925a435b1da406122d4d7968dd861c1385afe3b45ba82b750f229811e2" },
    { url = "https://repo.huaweicloud.com/repository/pypi/packages/0e/2d/eab2e858a91fdff70533cab61dcff4a1f55ec60425832ddfdc9cd36bc8af/cffi-1.17.1-cp313-cp313-manylinux_2_12_i686.manylinux2010_i686.manylinux_2_17_i686.manylinux2014_i686.whl", hash = "sha256:d01b12eeeb4427d3110de311e1774046ad344f5b1a7403101878976ecd7a10f3" },
    { url = "https://repo.huaweicloud.com/repository/pypi/packages/75/b2/fbaec7c4455c604e29388d55599b99ebcc250a60050610fadde58932b7ee/cffi-1.17.1-cp313-cp313-manylinux_2_17_aarch64.manylinux2014_aarch64.whl", hash = "sha256:706510fe141c86a69c8ddc029c7910003a17353970cff3b904ff0686a5927683" },
    { url = "https://repo.huaweicloud.com/repository/pypi/packages/4f/b7/6e4a2162178bf1935c336d4da8a9352cccab4d3a5d7914065490f08c0690/cffi-1.17.1-cp313-cp313-manylinux_2_17_ppc64le.manylinux2014_ppc64le.whl", hash = "sha256:de55b766c7aa2e2a3092c51e0483d700341182f08e67c63630d5b6f200bb28e5" },
    { url = "https://repo.huaweicloud.com/repository/pypi/packages/c7/8a/1d0e4a9c26e54746dc08c2c6c037889124d4f59dffd853a659fa545f1b40/cffi-1.17.1-cp313-cp313-manylinux_2_17_s390x.manylinux2014_s390x.whl", hash = "sha256:c59d6e989d07460165cc5ad3c61f9fd8f1b4796eacbd81cee78957842b834af4" },
    { url = "https://repo.huaweicloud.com/repository/pypi/packages/26/9f/1aab65a6c0db35f43c4d1b4f580e8df53914310afc10ae0397d29d697af4/cffi-1.17.1-cp313-cp313-manylinux_2_17_x86_64.manylinux2014_x86_64.whl", hash = "sha256:dd398dbc6773384a17fe0d3e7eeb8d1a21c2200473ee6806bb5e6a8e62bb73dd" },
    { url = "https://repo.huaweicloud.com/repository/pypi/packages/5f/e4/fb8b3dd8dc0e98edf1135ff067ae070bb32ef9d509d6cb0f538cd6f7483f/cffi-1.17.1-cp313-cp313-musllinux_1_1_aarch64.whl", hash = "sha256:3edc8d958eb099c634dace3c7e16560ae474aa3803a5df240542b305d14e14ed" },
    { url = "https://repo.huaweicloud.com/repository/pypi/packages/f1/47/d7145bf2dc04684935d57d67dff9d6d795b2ba2796806bb109864be3a151/cffi-1.17.1-cp313-cp313-musllinux_1_1_x86_64.whl", hash = "sha256:72e72408cad3d5419375fc87d289076ee319835bdfa2caad331e377589aebba9" },
    { url = "https://repo.huaweicloud.com/repository/pypi/packages/bf/ee/f94057fa6426481d663b88637a9a10e859e492c73d0384514a17d78ee205/cffi-1.17.1-cp313-cp313-win32.whl", hash = "sha256:e03eab0a8677fa80d646b5ddece1cbeaf556c313dcfac435ba11f107ba117b5d" },
    { url = "https://repo.huaweicloud.com/repository/pypi/packages/7c/fc/6a8cb64e5f0324877d503c854da15d76c1e50eb722e320b15345c4d0c6de/cffi-1.17.1-cp313-cp313-win_amd64.whl", hash = "sha256:f6a16c31041f09ead72d69f583767292f750d24913dadacf5756b966aacb3f1a" },
]

[[package]]
name = "cramjam"
version = "2.11.0"
source = { registry = "https://repo.huaweicloud.com/repository/pypi/simple" }
sdist = { url = "https://repo.huaweicloud.com/repository/pypi/packages/14/12/34bf6e840a79130dfd0da7badfb6f7810b8fcfd60e75b0539372667b41b6/cramjam-2.11.0.tar.gz", hash = "sha256:5c82500ed91605c2d9781380b378397012e25127e89d64f460fea6aeac4389b4" }
wheels = [
    { url = "https://repo.huaweicloud.com/repository/pypi/packages/0a/8b/406c5dc0f8e82385519d8c299c40fd6a56d97eca3fcd6f5da8dad48de75b/cramjam-2.11.0-cp313-cp313-macosx_10_12_x86_64.macosx_11_0_arm64.macosx_10_12_universal2.whl", hash = "sha256:2c289729cc1c04e88bafa48b51082fb462b0a57dbc96494eab2be9b14dca62af" },
    { url = "https://repo.huaweicloud.com/repository/pypi/packages/00/ad/4186884083d6e4125b285903e17841827ab0d6d0cffc86216d27ed91e91d/cramjam-2.11.0-cp313-cp313-macosx_10_12_x86_64.whl", hash = "sha256:045201ee17147e36cf43d8ae2fa4b4836944ac672df5874579b81cf6d40f1a1f" },
    { url = "https://repo.huaweicloud.com/repository/pypi/packages/54/01/91b485cf76a7efef638151e8a7d35784dae2c4ff221b1aec2c083e4b106d/cramjam-2.11.0-cp313-cp313-macosx_11_0_arm64.whl", hash = "sha256:619cd195d74c9e1d2a3ad78d63451d35379c84bd851aec552811e30842e1c67a" },
    { url = "https://repo.huaweicloud.com/repository/pypi/packages/cd/84/d0c80d279b2976870fc7d10f15dcb90a3c10c06566c6964b37c152694974/cramjam-2.11.0-cp313-cp313-manylinux_2_12_i686.manylinux2010_i686.whl", hash = "sha256:6eb3ae5ab72edb2ed68bdc0f5710f0a6cad7fd778a610ec2c31ee15e32d3921e" },
    { url = "https://repo.huaweicloud.com/repository/pypi/packages/d6/70/88f2a5cb904281ed5d3c111b8f7d5366639817a5470f059bcd26833fc870/cramjam-2.11.0-cp313-cp313-manylinux_2_17_aarch64.manylinux2014_aarch64.whl", hash = "sha256:df7da3f4b19e3078f9635f132d31b0a8196accb2576e3213ddd7a77f93317c20" },
    { url = "https://repo.huaweicloud.com/repository/pypi/packages/b2/06/cf5b02081132537d28964fb385fcef9ed9f8a017dd7d8c59d317e53ba50d/cramjam-2.11.0-cp313-cp313-manylinux_2_17_armv7l.manylinux2014_armv7l.whl", hash = "sha256:57286b289cd557ac76c24479d8ecfb6c3d5b854cce54ccc7671f9a2f5e2a2708" },
    { url = "https://repo.huaweicloud.com/repository/pypi/packages/57/27/63525087ed40a53d1867021b9c4858b80cc86274ffe7225deed067d88d92/cramjam-2.11.0-cp313-cp313-manylinux_2_17_ppc64le.manylinux2014_ppc64le.whl", hash = "sha256:28952fbbf8b32c0cb7fa4be9bcccfca734bf0d0989f4b509dc7f2f70ba79ae06" },
    { url = "https://repo.huaweicloud.com/repository/pypi/packages/c3/ef/dbba082c6ebfb6410da4dd39a64e654d7194fcfd4567f85991a83fa4ec32/cramjam-2.11.0-cp313-cp313-manylinux_2_17_s390x.manylinux2014_s390x.whl", hash = "sha256:78ed2e4099812a438b545dfbca1928ec825e743cd253bc820372d6ef8c3adff4" },
    { url = "https://repo.huaweicloud.com/repository/pypi/packages/35/ce/d902b9358a46a086938feae83b2251720e030f06e46006f4c1fc0ac9da20/cramjam-2.11.0-cp313-cp313-manylinux_2_17_x86_64.manylinux2014_x86_64.whl", hash = "sha256:7d9aecd5c3845d415bd6c9957c93de8d93097e269137c2ecb0e5a5256374bdc8" },
    { url = "https://repo.huaweicloud.com/repository/pypi/packages/e8/03/982f54553244b0afcbdb2ad2065d460f0ab05a72a96896a969a1ca136a1e/cramjam-2.11.0-cp313-cp313-musllinux_1_1_aarch64.whl", hash = "sha256:362fcf4d6f5e1242a4540812455f5a594949190f6fbc04f2ffbfd7ae0266d788" },
    { url = "https://repo.huaweicloud.com/repository/pypi/packages/74/5f/748e54cdb665ec098ec519e23caacc65fc5ae58718183b071e33fc1c45b4/cramjam-2.11.0-cp313-cp313-musllinux_1_1_armv7l.whl", hash = "sha256:13240b3dea41b1174456cb9426843b085dc1a2bdcecd9ee2d8f65ac5703374b0" },
    { url = "https://repo.huaweicloud.com/repository/pypi/packages/69/81/c4e6cb06ed69db0dc81f9a8b1dc74995ebd4351e7a1877143f7031ff2700/cramjam-2.11.0-cp313-cp313-musllinux_1_1_i686.whl", hash = "sha256:c54eed83726269594b9086d827decc7d2015696e31b99bf9b69b12d9063584fe" },
    { url = "https://repo.huaweicloud.com/repository/pypi/packages/13/5b/966365523ce8290a08e163e3b489626c5adacdff2b3da9da1b0823dfb14e/cramjam-2.11.0-cp313-cp313-musllinux_1_1_x86_64.whl", hash = "sha256:f8195006fdd0fc0a85b19df3d64a3ef8a240e483ae1dfc7ac6a4316019eb5df2" },
    { url = "https://repo.huaweicloud.com/repository/pypi/packages/3a/7d/7f8eb5c534b72b32c6eb79d74585bfee44a9a5647a14040bb65c31c2572d/cramjam-2.11.0-cp313-cp313-win32.whl", hash = "sha256:ccf30e3fe6d770a803dcdf3bb863fa44ba5dc2664d4610ba2746a3c73599f2e4" },
    { url = "https://repo.huaweicloud.com/repository/pypi/packages/37/05/47b5e0bf7c41a3b1cdd3b7c2147f880c93226a6bef1f5d85183040cbdece/cramjam-2.11.0-cp313-cp313-win_amd64.whl", hash = "sha256:ee36348a204f0a68b03400f4736224e9f61d1c6a1582d7f875c1ca56f0254268" },
    { url = "https://repo.huaweicloud.com/repository/pypi/packages/de/07/a1051cdbbe6d723df16d756b97f09da7c1adb69e29695c58f0392bc12515/cramjam-2.11.0-cp314-cp314-macosx_10_12_x86_64.macosx_11_0_arm64.macosx_10_12_universal2.whl", hash = "sha256:7ba5e38c9fbd06f086f4a5a64a1a5b7b417cd3f8fc07a20e5c03651f72f36100" },
    { url = "https://repo.huaweicloud.com/repository/pypi/packages/74/66/58487d2e16ef3d04f51a7c7f0e69823e806744b4c21101e89da4873074bc/cramjam-2.11.0-cp314-cp314-macosx_10_12_x86_64.whl", hash = "sha256:b8adeee57b41fe08e4520698a4b0bd3cc76dbd81f99424b806d70a5256a391d3" },
    { url = "https://repo.huaweicloud.com/repository/pypi/packages/67/b4/67f6254d166ffbcc9d5fa1b56876eaa920c32ebc8e9d3d525b27296b693b/cramjam-2.11.0-cp314-cp314-macosx_11_0_arm64.whl", hash = "sha256:b96a74fa03a636c8a7d76f700d50e9a8bc17a516d6a72d28711225d641e30968" },
    { url = "https://repo.huaweicloud.com/repository/pypi/packages/55/a3/4e0b31c0d454ae70c04684ed7c13d3c67b4c31790c278c1e788cb804fa4a/cramjam-2.11.0-cp314-cp314-manylinux_2_12_i686.manylinux2010_i686.whl", hash = "sha256:c3811a56fa32e00b377ef79121c0193311fd7501f0fb378f254c7f083cc1fbe0" },
    { url = "https://repo.huaweicloud.com/repository/pypi/packages/d9/c7/5e8eed361d1d3b8be14f38a54852c5370cc0ceb2c2d543b8ba590c34f080/cramjam-2.11.0-cp314-cp314-manylinux_2_17_aarch64.manylinux2014_aarch64.whl", hash = "sha256:c5d927e87461f8a0d448e4ab5eb2bca9f31ca5d8ea86d70c6f470bb5bc666d7e" },
    { url = "https://repo.huaweicloud.com/repository/pypi/packages/09/0c/06b7f8b0ce9fde89470505116a01fc0b6cb92d406c4fb1e46f168b5d3fa5/cramjam-2.11.0-cp314-cp314-manylinux_2_17_armv7l.manylinux2014_armv7l.whl", hash = "sha256:f1f5c450121430fd89cb5767e0a9728ecc65997768fd4027d069cb0368af62f9" },
    { url = "https://repo.huaweicloud.com/repository/pypi/packages/6f/c6/6ebc02c9d5acdf4e5f2b1ec6e1252bd5feee25762246798ae823b3347457/cramjam-2.11.0-cp314-cp314-manylinux_2_17_ppc64le.manylinux2014_ppc64le.whl", hash = "sha256:724aa7490be50235d97f07e2ca10067927c5d7f336b786ddbc868470e822aa25" },
    { url = "https://repo.huaweicloud.com/repository/pypi/packages/a2/77/a122971c23f5ca4b53e4322c647ac7554626c95978f92d19419315dddd05/cramjam-2.11.0-cp314-cp314-manylinux_2_17_s390x.manylinux2014_s390x.whl", hash = "sha256:54c4637122e7cfd7aac5c1d3d4c02364f446d6923ea34cf9d0e8816d6e7a4936" },
    { url = "https://repo.huaweicloud.com/repository/pypi/packages/19/0f/f6121b90b86b9093c066889274d26a1de3f29969d45c2ed1ecbe2033cb78/cramjam-2.11.0-cp314-cp314-manylinux_2_17_x86_64.manylinux2014_x86_64.whl", hash = "sha256:17eb39b1696179fb471eea2de958fa21f40a2cd8bf6b40d428312d5541e19dc4" },
    { url = "https://repo.huaweicloud.com/repository/pypi/packages/e0/a3/f95bc57fd7f4166ce6da816cfa917fb7df4bb80e669eb459d85586498414/cramjam-2.11.0-cp314-cp314-musllinux_1_1_aarch64.whl", hash = "sha256:36aa5a798aa34e11813a80425a30d8e052d8de4a28f27bfc0368cfc454d1b403" },
    { url = "https://repo.huaweicloud.com/repository/pypi/packages/fc/52/e429de4e8bc86ee65e090dae0f87f45abd271742c63fb2d03c522ffde28a/cramjam-2.11.0-cp314-cp314-musllinux_1_1_armv7l.whl", hash = "sha256:449fca52774dc0199545fbf11f5128933e5a6833946707885cf7be8018017839" },
    { url = "https://repo.huaweicloud.com/repository/pypi/packages/6c/6c/65a7a0207787ad39ad804af4da7f06a60149de19481d73d270b540657234/cramjam-2.11.0-cp314-cp314-musllinux_1_1_i686.whl", hash = "sha256:d87d37b3d476f4f7623c56a232045d25bd9b988314702ea01bd9b4a94948a778" },
    { url = "https://repo.huaweicloud.com/repository/pypi/packages/b2/c5/5c5db505ba692bc844246b066e23901d5905a32baf2f33719c620e65887f/cramjam-2.11.0-cp314-cp314-musllinux_1_1_x86_64.whl", hash = "sha256:26cb45c47d71982d76282e303931c6dd4baee1753e5d48f9a89b3a63e690b3a3" },
    { url = "https://repo.huaweicloud.com/repository/pypi/packages/b0/22/88e6693e60afe98901e5bbe91b8dea193e3aa7f42e2770f9c3339f5c1065/cramjam-2.11.0-cp314-cp314-win32.whl", hash = "sha256:4efe919d443c2fd112fe25fe636a52f9628250c9a50d9bddb0488d8a6c09acc6" },
    { url = "https://repo.huaweicloud.com/repository/pypi/packages/cc/f8/01618801cd59ccedcc99f0f96d20be67d8cfc3497da9ccaaad6b481781dd/cramjam-2.11.0-cp314-cp314-win_amd64.whl", hash = "sha256:ccec3524ea41b9abd5600e3e27001fd774199dbb4f7b9cb248fcee37d4bda84c" },
    { url = "https://repo.huaweicloud.com/repository/pypi/packages/40/81/6cdb3ed222d13ae86bda77aafe8d50566e81a1169d49ed195b6263610704/cramjam-2.11.0-cp314-cp314t-macosx_10_12_x86_64.macosx_11_0_arm64.macosx_10_12_universal2.whl", hash = "sha256:966ac9358b23d21ecd895c418c048e806fd254e46d09b1ff0cdad2eba195ea3e" },
    { url = "https://repo.huaweicloud.com/repository/pypi/packages/cb/43/52b7e54fe5ba1ef0270d9fdc43dabd7971f70ea2d7179be918c997820247/cramjam-2.11.0-cp314-cp314t-macosx_10_12_x86_64.whl", hash = "sha256:387f09d647a0d38dcb4539f8a14281f8eb6bb1d3e023471eb18a5974b2121c86" },
    { url = "https://repo.huaweicloud.com/repository/pypi/packages/9d/28/30d5b8d10acd30db3193bc562a313bff722888eaa45cfe32aa09389f2b24/cramjam-2.11.0-cp314-cp314t-macosx_11_0_arm64.whl", hash = "sha256:665b0d8fbbb1a7f300265b43926457ec78385200133e41fef19d85790fc1e800" },
    { url = "https://repo.huaweicloud.com/repository/pypi/packages/d9/86/ec806f986e01b896a650655024ea52a13e25c3ac8a3a382f493089483cdc/cramjam-2.11.0-cp314-cp314t-manylinux_2_12_i686.manylinux2010_i686.whl", hash = "sha256:ca905387c7a371531b9622d93471be4d745ef715f2890c3702479cd4fc85aa51" },
    { url = "https://repo.huaweicloud.com/repository/pypi/packages/09/43/c2c17586b90848d29d63181f7d14b8bd3a7d00975ad46e3edf2af8af7e1f/cramjam-2.11.0-cp314-cp314t-manylinux_2_17_aarch64.manylinux2014_aarch64.whl", hash = "sha256:3c1aa56aef2c8af55a21ed39040a94a12b53fb23beea290f94d19a76027e2ffb" },
    { url = "https://repo.huaweicloud.com/repository/pypi/packages/2b/a9/68bc334fadb434a61df10071dc8606702aa4f5b6cdb2df62474fc21d2845/cramjam-2.11.0-cp314-cp314t-manylinux_2_17_armv7l.manylinux2014_armv7l.whl", hash = "sha256:e5db59c1cdfaa2ab85cc988e602d6919495f735ca8a5fd7603608eb1e23c26d5" },
    { url = "https://repo.huaweicloud.com/repository/pypi/packages/5b/4e/b48e67835b5811ec5e9cb2e2bcba9c3fd76dab3e732569fe801b542c6ca9/cramjam-2.11.0-cp314-cp314t-manylinux_2_17_ppc64le.manylinux2014_ppc64le.whl", hash = "sha256:b1f893014f00fe5e89a660a032e813bf9f6d91de74cd1490cdb13b2b59d0c9a3" },
    { url = "https://repo.huaweicloud.com/repository/pypi/packages/c4/70/d2ac33d572b4d90f7f0f2c8a1d60fb48f06b128fdc2c05f9b49891bb0279/cramjam-2.11.0-cp314-cp314t-manylinux_2_17_s390x.manylinux2014_s390x.whl", hash = "sha256:c26a1eb487947010f5de24943bd7c422dad955b2b0f8650762539778c380ca89" },
    { url = "https://repo.huaweicloud.com/repository/pypi/packages/1d/4c/85cec77af4a74308ba5fca8e296c4e2f80ec465c537afc7ab1e0ca2f9a00/cramjam-2.11.0-cp314-cp314t-manylinux_2_17_x86_64.manylinux2014_x86_64.whl", hash = "sha256:7d5c8bfb438d94e7b892d1426da5fc4b4a5370cc360df9b8d9d77c33b896c37e" },
    { url = "https://repo.huaweicloud.com/repository/pypi/packages/55/45/938546d1629e008cc3138df7c424ef892719b1796ff408a2ab8550032e5e/cramjam-2.11.0-cp314-cp314t-musllinux_1_1_aarch64.whl", hash = "sha256:cb1fb8c9337ab0da25a01c05d69a0463209c347f16512ac43be5986f3d1ebaf4" },
    { url = "https://repo.huaweicloud.com/repository/pypi/packages/01/76/b5a53e20505555f1640e66dcf70394bcf51a1a3a072aa18ea35135a0f9ed/cramjam-2.11.0-cp314-cp314t-musllinux_1_1_armv7l.whl", hash = "sha256:1f6449f6de52dde3e2f1038284910c8765a397a25e2d05083870f3f5e7fc682c" },
    { url = "https://repo.huaweicloud.com/repository/pypi/packages/84/12/8d3f6ceefae81bbe45a347fdfa2219d9f3ac75ebc304f92cd5fcb4fbddc5/cramjam-2.11.0-cp314-cp314t-musllinux_1_1_i686.whl", hash = "sha256:382dec4f996be48ed9c6958d4e30c2b89435d7c2c4dbf32480b3b8886293dd65" },
    { url = "https://repo.huaweicloud.com/repository/pypi/packages/4b/85/3be6f0a1398f976070672be64f61895f8839857618a2d8cc0d3ab529d3dc/cramjam-2.11.0-cp314-cp314t-musllinux_1_1_x86_64.whl", hash = "sha256:d388bd5723732c3afe1dd1d181e4213cc4e1be210b080572e7d5749f6e955656" },
    { url = "https://repo.huaweicloud.com/repository/pypi/packages/57/5e/66cfc3635511b20014bbb3f2ecf0095efb3049e9e96a4a9e478e4f3d7b78/cramjam-2.11.0-cp314-cp314t-win32.whl", hash = "sha256:0a70ff17f8e1d13f322df616505550f0f4c39eda62290acb56f069d4857037c8" },
    { url = "https://repo.huaweicloud.com/repository/pypi/packages/ce/c6/c71e82e041c95ffe6a92ac707785500aa2a515a4339c2c7dd67e3c449249/cramjam-2.11.0-cp314-cp314t-win_amd64.whl", hash = "sha256:028400d699442d40dbda02f74158c73d05cb76587a12490d0bfedd958fd49188" },
]

[[package]]
name = "deflate"
version = "0.8.1"
source = { registry = "https://repo.huaweicloud.com/repository/pypi/simple" }
sdist = { url = "https://repo.huaweicloud.com/repository/pypi/packages/25/f5/4999436aed92db2ce6f2a78d494fd82e72b028c97d9ef64bd6ff127570ef/deflate-0.8.1.tar.gz", hash = "sha256:1bba0e70d3885f5135f00c17a42aef98d9dc817daf9a56df7dcc92174f4d2cda" }
wheels = [
    { url = "https://repo.huaweicloud.com/repository/pypi/packages/36/80/77c7336deb6f36d110cb718de5cf5dcb97f2aeb48a98cbd61f7bfe1c950f/deflate-0.8.1-cp311-abi3-macosx_10_9_x86_64.whl", hash = "sha256:42f6fc79e34cda342b7a1b2a28943e7f3cd1312b286b8d847a3608169193f781" },
    { url = "https://repo.huaweicloud.com/repository/pypi/packages/9d/8a/451f1c7cd1d517441c5df6c44726a3fc121b2983800a40e282259f4fdf84/deflate-0.8.1-cp311-abi3-macosx_11_0_arm64.whl", hash = "sha256:874382ead84be558e70bf4b5ebc6ce9d7ac2abdb2bd6830407dcb634bb5539ae" },
    { url = "https://repo.huaweicloud.com/repository/pypi/packages/ca/16/e985b65ad1b290e592546137a0505c9df0329c5a12691d47b119b942a4f0/deflate-0.8.1-cp311-abi3-manylinux_2_17_aarch64.manylinux2014_aarch64.whl", hash = "sha256:ba5c8676f402480a290b61a8051953c8bbab85983b03e56cbfc7b1708bb6776c" },
    { url = "https://repo.huaweicloud.com/repository/pypi/packages/de/4a/b795ccf23430801970e606215cec0074030b37154918d3b5f54efc48437d/deflate-0.8.1-cp311-abi3-manylinux_2_17_x86_64.manylinux2014_x86_64.whl", hash = "sha256:d0bf846e44f84d93ae99dc7bd4b71176f2abf0fd4f3baddbfc164387963763b6" },
    { url = "https://repo.huaweicloud.com/repository/pypi/packages/7a/0d/78349c64b3ba45d3593f04a97bd541af77863c6b401821588a107729b5f2/deflate-0.8.1-cp311-abi3-manylinux_2_5_i686.manylinux1_i686.manylinux_2_17_i686.manylinux2014_i686.whl", hash = "sha256:cc65690c9e24ed491a856dd20cea27d00f5a818add19952c7bf10743d94a0dbd" },
    { url = "https://repo.huaweicloud.com/repository/pypi/packages/ad/c6/d9bab3858c6a20bda9500a75f31c04d7bb2e79a3d99c5ff107f0677e969f/deflate-0.8.1-cp311-abi3-musllinux_1_2_aarch64.whl", hash = "sha256:5773f52faf63e3ab5fc47556a35335afb029bc7a020bac728af744764760aef3" },
    { url = "https://repo.huaweicloud.com/repository/pypi/packages/b4/e2/f368c86186bd5eec61762672cc622f463b6a188f9684ee7cd99396f8bb98/deflate-0.8.1-cp311-abi3-musllinux_1_2_i686.whl", hash = "sha256:319a376f4b49fd40578be54dcd9a2d056631c1fec1dc5ddba1c4363e5f2a55e2" },
    { url = "https://repo.huaweicloud.com/repository/pypi/packages/e9/a2/abb8e08e47389e1a0bf95f41027b637021c63c1431a110d38b95eff9ea5d/deflate-0.8.1-cp311-abi3-musllinux_1_2_x86_64.whl", hash = "sha256:dc36ef9bb0a87145fadfa1e2392e1bf1bdb29cbc8ce0a720b2ce1fce2084dd0b" },
    { url = "https://repo.huaweicloud.com/repository/pypi/packages/4e/89/6b3d1adb1fdb05b7d86861b97ec4acdb1ae4ee353bdb366a050961ac7e67/deflate-0.8.1-cp311-abi3-win32.whl", hash = "sha256:2846ebc94eafffa62ee0405eaa1786e841ca20cf7115dfcc23d255323c3e2a50" },
    { url = "https://repo.huaweicloud.com/repository/pypi/packages/87/f4/ec4a84faad8c932c0aa32d49bb29e345cf240f7024adbd0154006da517af/deflate-0.8.1-cp311-abi3-win_amd64.whl", hash = "sha256:4e82a4373a8c38fc5d92ac57685c8fdee538fe1d244197cece8db5b24ff74f80" },
]

[[package]]
name = "highwayhash-cffi"
version = "0.1.6"
source = { registry = "https://repo.huaweicloud.com/repository/pypi/simple" }
dependencies = [
    { name = "cffi" },
]
sdist = { url = "https://repo.huaweicloud.com/repository/pypi/packages/87/79/f8abc185f6559128c6174bf47bbc2e41869330eeaaf252dac9df91acd652/highwayhash-cffi-0.1.6.zip", hash = "sha256:cbd501121802a1a1472778a18ab446de43e975c6877f72ee7676111b82cc5cf5" }

[[package]]
name = "lz4"
version = "4.4.4"
source = { registry = "https://repo.huaweicloud.com/repository/pypi/simple" }
sdist = { url = "https://repo.huaweicloud.com/repository/pypi/packages/c6/5a/945f5086326d569f14c84ac6f7fcc3229f0b9b1e8cc536b951fd53dfb9e1/lz4-4.4.4.tar.gz", hash = "sha256:070fd0627ec4393011251a094e08ed9fdcc78cb4e7ab28f507638eee4e39abda" }
wheels = [
    { url = "https://repo.huaweicloud.com/repository/pypi/packages/3b/3c/d1d1b926d3688263893461e7c47ed7382a969a0976fc121fc678ec325fc6/lz4-4.4.4-cp313-cp313-macosx_10_13_x86_64.whl", hash = "sha256:ed6eb9f8deaf25ee4f6fad9625d0955183fdc90c52b6f79a76b7f209af1b6e54" },
    { url = "https://repo.huaweicloud.com/repository/pypi/packages/26/89/8783d98deb058800dabe07e6cdc90f5a2a8502a9bad8c5343c641120ace2/lz4-4.4.4-cp313-cp313-macosx_11_0_arm64.whl", hash = "sha256:18ae4fe3bafb344dbd09f976d45cbf49c05c34416f2462828f9572c1fa6d5af7" },
    { url = "https://repo.huaweicloud.com/repository/pypi/packages/22/ab/a491ace69a83a8914a49f7391e92ca0698f11b28d5ce7b2ececa2be28e9a/lz4-4.4.4-cp313-cp313-manylinux_2_17_aarch64.manylinux2014_aarch64.whl", hash = "sha256:57fd20c5fc1a49d1bbd170836fccf9a338847e73664f8e313dce6ac91b8c1e02" },
    { url = "https://repo.huaweicloud.com/repository/pypi/packages/97/12/a1f2f4fdc6b7159c0d12249456f9fe454665b6126e98dbee9f2bd3cf735c/lz4-4.4.4-cp313-cp313-manylinux_2_17_x86_64.manylinux2014_x86_64.whl", hash = "sha256:e9cb387c33f014dae4db8cb4ba789c8d2a0a6d045ddff6be13f6c8d9def1d2a6" },
    { url = "https://repo.huaweicloud.com/repository/pypi/packages/50/6e/e22e50f5207649db6ea83cd31b79049118305be67e96bec60becf317afc6/lz4-4.4.4-cp313-cp313-manylinux_2_5_i686.manylinux1_i686.manylinux_2_17_i686.manylinux2014_i686.whl", hash = "sha256:d0be9f68240231e1e44118a4ebfecd8a5d4184f0bdf5c591c98dd6ade9720afd" },
    { url = "https://repo.huaweicloud.com/repository/pypi/packages/4c/c4/2a458039645fcc6324ece731d4d1361c5daf960b553d1fcb4261ba07d51c/lz4-4.4.4-cp313-cp313-win32.whl", hash = "sha256:e9ec5d45ea43684f87c316542af061ef5febc6a6b322928f059ce1fb289c298a" },
    { url = "https://repo.huaweicloud.com/repository/pypi/packages/00/96/b8e24ea7537ab418074c226279acfcaa470e1ea8271003e24909b6db942b/lz4-4.4.4-cp313-cp313-win_amd64.whl", hash = "sha256:a760a175b46325b2bb33b1f2bbfb8aa21b48e1b9653e29c10b6834f9bb44ead4" },
    { url = "https://repo.huaweicloud.com/repository/pypi/packages/a5/a5/f9838fe6aa132cfd22733ed2729d0592259fff074cefb80f19aa0607367b/lz4-4.4.4-cp313-cp313-win_arm64.whl", hash = "sha256:f4c21648d81e0dda38b4720dccc9006ae33b0e9e7ffe88af6bf7d4ec124e2fba" },
]

[[package]]
name = "mojofs"
version = "0.1.0"
source = { virtual = "." }
dependencies = [
    { name = "blake3" },
    { name = "brotli" },
    { name = "deflate" },
    { name = "highwayhash-cffi" },
    { name = "lz4" },
    { name = "python-snappy" },
    { name = "siphashc" },
    { name = "zstd" },
]

[package.metadata]
requires-dist = [
    { name = "blake3", specifier = ">=1.0.5" },
    { name = "brotli", specifier = ">=1.1.0" },
    { name = "deflate", specifier = ">=0.8.1" },
    { name = "highwayhash-cffi", specifier = ">=0.1.6" },
    { name = "lz4", specifier = ">=4.4.4" },
    { name = "python-snappy", specifier = ">=0.7.3" },
    { name = "siphashc", specifier = ">=2.5" },
    { name = "zstd", specifier = ">=1.5.7.2" },
]

[[package]]
name = "pycparser"
version = "2.22"
source = { registry = "https://repo.huaweicloud.com/repository/pypi/simple" }
sdist = { url = "https://repo.huaweicloud.com/repository/pypi/packages/1d/b2/31537cf4b1ca988837256c910a668b553fceb8f069bedc4b1c826024b52c/pycparser-2.22.tar.gz", hash = "sha256:491c8be9c040f5390f5bf44a5b07752bd07f56edf992381b05c701439eec10f6" }
wheels = [
    { url = "https://repo.huaweicloud.com/repository/pypi/packages/13/a3/a812df4e2dd5696d1f351d58b8fe16a405b234ad2886a0dab9183fb78109/pycparser-2.22-py3-none-any.whl", hash = "sha256:c3702b6d3dd8c7abc1afa565d7e63d53a1d0bd86cdc24edd75470f4de499cfcc" },
]

[[package]]
name = "python-snappy"
version = "0.7.3"
source = { registry = "https://repo.huaweicloud.com/repository/pypi/simple" }
dependencies = [
    { name = "cramjam" },
]
sdist = { url = "https://repo.huaweicloud.com/repository/pypi/packages/39/66/9185fbb6605ba92716d9f77fbb13c97eb671cd13c3ad56bd154016fbf08b/python_snappy-0.7.3.tar.gz", hash = "sha256:40216c1badfb2d38ac781ecb162a1d0ec40f8ee9747e610bcfefdfa79486cee3" }
wheels = [
    { url = "https://repo.huaweicloud.com/repository/pypi/packages/86/c1/0ee413ddd639aebf22c85d6db39f136ccc10e6a4b4dd275a92b5c839de8d/python_snappy-0.7.3-py3-none-any.whl", hash = "sha256:074c0636cfcd97e7251330f428064050ac81a52c62ed884fc2ddebbb60ed7f50" },
]

[[package]]
name = "siphashc"
version = "2.5"
source = { registry = "https://repo.huaweicloud.com/repository/pypi/simple" }
sdist = { url = "https://repo.huaweicloud.com/repository/pypi/packages/ce/3a/624ab858e05958938ff81a3d83ada73d09c556f51d5b62072a0b36fb24ee/siphashc-2.5.tar.gz", hash = "sha256:a3bcc69ce33debe0b423df22498cee6b6301f133f5a24770fe6f4ef48d832b4d" }
wheels = [
    { url = "https://repo.huaweicloud.com/repository/pypi/packages/83/ce/3c4869eb72a56f19e05630c2b18ffafb8a5ec6d6703ba829e289743d1477/siphashc-2.5-cp313-cp313-macosx_10_13_x86_64.whl", hash = "sha256:ed5dcd4dc296a719ce24bdb9430426e1c5aae198d994c5ef8ba7475ab7b8be55" },
    { url = "https://repo.huaweicloud.com/repository/pypi/packages/48/e7/509baf5009df4b1156322148e7c7ec9c380b6802facac9bbe039978e1674/siphashc-2.5-cp313-cp313-macosx_11_0_arm64.whl", hash = "sha256:73bedd35f19239f1efd0044df3ce43a3a4cbd1ec8986ef7e91377ba7650d7bb2" },
    { url = "https://repo.huaweicloud.com/repository/pypi/packages/6b/ec/a69cbc764106db5f1422b122643f57eb9606f757286ed2e4da787c740540/siphashc-2.5-cp313-cp313-manylinux_2_17_aarch64.manylinux2014_aarch64.whl", hash = "sha256:e06b1673de6c13bb5d425313dfe41df961eab604dc02049b4eb6f4f921ff45f2" },
    { url = "https://repo.huaweicloud.com/repository/pypi/packages/b8/55/d14776e5d46ff791ada1666a95e0ce55ecbcce73c3082267016b3e102ce9/siphashc-2.5-cp313-cp313-manylinux_2_5_x86_64.manylinux1_x86_64.manylinux_2_17_x86_64.manylinux2014_x86_64.whl", hash = "sha256:7df99e4ff1cb0f57a53fe26f80a8b257df8fc6956eda30adeb197d9da05eedda" },
    { url = "https://repo.huaweicloud.com/repository/pypi/packages/e6/2f/5d8e13db8e03c4482fd1ca44cb58e045a397bd04d1d0059e465191015ea2/siphashc-2.5-cp313-cp313-win_amd64.whl", hash = "sha256:1d34b553915f7337715533242165395d7984a5cb1fbb5fd2e3e4b42cfd3667b7" },
]

[[package]]
name = "zstd"
version = "1.5.7.2"
source = { registry = "https://repo.huaweicloud.com/repository/pypi/simple" }
sdist = { url = "https://repo.huaweicloud.com/repository/pypi/packages/0f/78/9a476e09c825304df47b98be80d1ffe223733b03550af71325415028f615/zstd-1.5.7.2.tar.gz", hash = "sha256:6d8684c69009be49e1b18ec251a5eb0d7e24f93624990a8a124a1da66a92fc8a" }
wheels = [
    { url = "https://repo.huaweicloud.com/repository/pypi/packages/a1/63/0d392a8ec2231dee9fc2290faea7a6642584686720d6b77899ad8b12e35a/zstd-1.5.7.2-cp313-cp313-macosx_10_13_x86_64.whl", hash = "sha256:6e684e27064b6550aa2e7dc85d171ea1b62cb5930a2c99b3df9b30bf620b5c06" },
    { url = "https://repo.huaweicloud.com/repository/pypi/packages/be/1f/85aae095f92811bed3d2944bbed971fe07ec1dd2d82c9eb1395d69d2123c/zstd-1.5.7.2-cp313-cp313-macosx_11_0_arm64.whl", hash = "sha256:fd6262788a98807d6b2befd065d127db177c1cd76bb8e536e0dded419eb7c7fb" },
    { url = "https://repo.huaweicloud.com/repository/pypi/packages/31/4e/547949993ea347ac44f5908262ebe6e85edfa7b11a5df136319789be731d/zstd-1.5.7.2-cp313-cp313-manylinux_2_14_x86_64.whl", hash = "sha256:53948be45f286a1b25c07a6aa2aca5c902208eb3df9fe36cf891efa0394c8b71" },
    { url = "https://repo.huaweicloud.com/repository/pypi/packages/25/ca/4a6882846e3049be249031f825251a9229ecad471e18e7fd27974540549c/zstd-1.5.7.2-cp313-cp313-win32.whl", hash = "sha256:edf816c218e5978033b7bb47dcb453dfb71038cb8a9bf4877f3f823e74d58174" },
    { url = "https://repo.huaweicloud.com/repository/pypi/packages/e7/aa/89339605864c9803e4738f176932a6c9f1ad99d03c03ef2cb0634ddca680/zstd-1.5.7.2-cp313-cp313-win_amd64.whl", hash = "sha256:eea9bddf06f3f5e1e450fd647665c86df048a45e8b956d53522387c1dff41b7a" },
    { url = "https://repo.huaweicloud.com/repository/pypi/packages/07/e9/501291a2f9b300b2c73dcc6d086df778e895e71573df9575def54d9dbab2/zstd-1.5.7.2-cp313-cp313t-manylinux_2_14_x86_64.whl", hash = "sha256:1d71f9f92b3abe18b06b5f0aefa5b9c42112beef3bff27e36028d147cb4426a6" },
    { url = "https://repo.huaweicloud.com/repository/pypi/packages/d2/f7/9243bb99b8525421a7db741604d29aebe9a849539500f2248d74bf2614be/zstd-1.5.7.2-cp314-cp314-manylinux_2_14_x86_64.whl", hash = "sha256:a6105b8fa21dbc59e05b6113e8e5d5aaf56c5d2886aa5778d61030af3256bbb7" },
    { url = "https://repo.huaweicloud.com/repository/pypi/packages/9b/a5/6ed36bed134d065ff6198707e7411fde7436d7927e325b8ace26f9e21159/zstd-1.5.7.2-cp314-cp314t-manylinux_2_14_x86_64.whl", hash = "sha256:d0b0ca097efb5f67157c61a744c926848dcccf6e913df2f814e719aa78197a4b" },
]
